
Microsoft Visual Studio Solution File, Format Version 12.00
# Visual Studio Version 17
VisualStudioVersion = 17.8.34330.188
MinimumVisualStudioVersion = 10.0.40219.1
Project("{FAE04EC0-301F-11D3-BF4B-00C04F79EFBC}") = "PetsApi", "PetsApi\PetsApi.csproj", "{C1C60329-4E6F-499F-9F42-83ED9DF027EA}"
EndProject
Global
	GlobalSection(SolutionConfigurationPlatforms) = preSolution
		Debug|Any CPU = Debug|Any CPU
		Release|Any CPU = Release|Any CPU
	EndGlobalSection
	GlobalSection(ProjectConfigurationPlatforms) = postSolution
		{C1C60329-4E6F-499F-9F42-83ED9DF027EA}.Debug|Any CPU.ActiveCfg = Debug|Any CPU
		{C1C60329-4E6F-499F-9F42-83ED9DF027EA}.Debug|Any CPU.Build.0 = Debug|Any CPU
		{C1C60329-4E6F-499F-9F42-83ED9DF027EA}.Release|Any CPU.ActiveCfg = Release|Any CPU
		{C1C60329-4E6F-499F-9F42-83ED9DF027EA}.Release|Any CPU.Build.0 = Release|Any CPU
	EndGlobalSection
	GlobalSection(SolutionProperties) = preSolution
		HideSolutionNode = FALSE
	EndGlobalSection
	GlobalSection(ExtensibilityGlobals) = postSolution
		SolutionGuid = {FBDCEC4B-78C1-4E09-A5B9-77F206C6D8BE}
	EndGlobalSection
EndGlobal
